
Microsoft Visual Studio Solution File, Format Version 12.00
# Visual Studio 2013
VisualStudioVersion = 12.0.21126.0
MinimumVisualStudioVersion = 10.0.40219.1
Project("{FAE04EC0-301F-11D3-BF4B-00C04F79EFBC}") = "OfficeSharp.Vsix", "OfficeSharp\OfficeSharp.Vsix\OfficeSharp.Vsix.csproj", "{7DAC10DC-CAC8-4106-AC3B-DF9CC2D3999F}"
EndProject
Project("{FAE04EC0-301F-11D3-BF4B-00C04F79EFBC}") = "OfficeSharp.Client", "OfficeSharp\OfficeSharp.Client\OfficeSharp.Client.csproj", "{D6DFDF9C-CD37-45F1-B0D5-EBC6952D6727}"
EndProject
Project("{FAE04EC0-301F-11D3-BF4B-00C04F79EFBC}") = "OfficeSharp.Client.Design", "OfficeSharp\OfficeSharp.Client.Design\OfficeSharp.Client.Design.csproj", "{B8936E56-4BB5-4299-BB0C-6FF1B0588509}"
EndProject
Project("{FAE04EC0-301F-11D3-BF4B-00C04F79EFBC}") = "OfficeSharp.Common", "OfficeSharp\OfficeSharp.Common\OfficeSharp.Common.csproj", "{0EF93EB1-E7A8-42C5-976D-0065D9EC5B36}"
EndProject
Project("{FAE04EC0-301F-11D3-BF4B-00C04F79EFBC}") = "OfficeSharp.Design", "OfficeSharp\OfficeSharp.Design\OfficeSharp.Design.csproj", "{DBBD9698-EB48-4F85-B8E1-E609C0FAE890}"
EndProject
Project("{FAE04EC0-301F-11D3-BF4B-00C04F79EFBC}") = "OfficeSharp.Lspkg", "OfficeSharp\OfficeSharp.Lspkg\OfficeSharp.Lspkg.csproj", "{0BE7AD4E-6529-4F67-A02A-B700BE41FB69}"
EndProject
Project("{FAE04EC0-301F-11D3-BF4B-00C04F79EFBC}") = "OfficeSharp.Server", "OfficeSharp\OfficeSharp.Server\OfficeSharp.Server.csproj", "{FF478B2E-5C43-4B5B-848C-8A5688B054D8}"
EndProject
Project("{2150E333-8FDC-42A3-9474-1A3956D46DE8}") = "Git", "Git", "{DDC085A6-6517-4BE5-A478-DE248F334E0B}"
	ProjectSection(SolutionItems) = preProject
		.gitattributes = .gitattributes
		.gitignore = .gitignore
		LICENSE = LICENSE
		README.md = README.md
	EndProjectSection
EndProject
Global
	GlobalSection(SolutionConfigurationPlatforms) = preSolution
		Debug|Any CPU = Debug|Any CPU
		Release|Any CPU = Release|Any CPU
	EndGlobalSection
	GlobalSection(ProjectConfigurationPlatforms) = postSolution
		{7DAC10DC-CAC8-4106-AC3B-DF9CC2D3999F}.Debug|Any CPU.ActiveCfg = Debug|Any CPU
		{7DAC10DC-CAC8-4106-AC3B-DF9CC2D3999F}.Debug|Any CPU.Build.0 = Debug|Any CPU
		{7DAC10DC-CAC8-4106-AC3B-DF9CC2D3999F}.Release|Any CPU.ActiveCfg = Release|Any CPU
		{7DAC10DC-CAC8-4106-AC3B-DF9CC2D3999F}.Release|Any CPU.Build.0 = Release|Any CPU
		{D6DFDF9C-CD37-45F1-B0D5-EBC6952D6727}.Debug|Any CPU.ActiveCfg = Debug|Any CPU
		{D6DFDF9C-CD37-45F1-B0D5-EBC6952D6727}.Debug|Any CPU.Build.0 = Debug|Any CPU
		{D6DFDF9C-CD37-45F1-B0D5-EBC6952D6727}.Release|Any CPU.ActiveCfg = Release|Any CPU
		{D6DFDF9C-CD37-45F1-B0D5-EBC6952D6727}.Release|Any CPU.Build.0 = Release|Any CPU
		{B8936E56-4BB5-4299-BB0C-6FF1B0588509}.Debug|Any CPU.ActiveCfg = Debug|Any CPU
		{B8936E56-4BB5-4299-BB0C-6FF1B0588509}.Debug|Any CPU.Build.0 = Debug|Any CPU
		{B8936E56-4BB5-4299-BB0C-6FF1B0588509}.Release|Any CPU.ActiveCfg = Release|Any CPU
		{B8936E56-4BB5-4299-BB0C-6FF1B0588509}.Release|Any CPU.Build.0 = Release|Any CPU
		{0EF93EB1-E7A8-42C5-976D-0065D9EC5B36}.Debug|Any CPU.ActiveCfg = Debug|Any CPU
		{0EF93EB1-E7A8-42C5-976D-0065D9EC5B36}.Debug|Any CPU.Build.0 = Debug|Any CPU
		{0EF93EB1-E7A8-42C5-976D-0065D9EC5B36}.Release|Any CPU.ActiveCfg = Release|Any CPU
		{0EF93EB1-E7A8-42C5-976D-0065D9EC5B36}.Release|Any CPU.Build.0 = Release|Any CPU
		{DBBD9698-EB48-4F85-B8E1-E609C0FAE890}.Debug|Any CPU.ActiveCfg = Debug|Any CPU
		{DBBD9698-EB48-4F85-B8E1-E609C0FAE890}.Debug|Any CPU.Build.0 = Debug|Any CPU
		{DBBD9698-EB48-4F85-B8E1-E609C0FAE890}.Release|Any CPU.ActiveCfg = Release|Any CPU
		{DBBD9698-EB48-4F85-B8E1-E609C0FAE890}.Release|Any CPU.Build.0 = Release|Any CPU
		{0BE7AD4E-6529-4F67-A02A-B700BE41FB69}.Debug|Any CPU.ActiveCfg = Debug|Any CPU
		{0BE7AD4E-6529-4F67-A02A-B700BE41FB69}.Debug|Any CPU.Build.0 = Debug|Any CPU
		{0BE7AD4E-6529-4F67-A02A-B700BE41FB69}.Release|Any CPU.ActiveCfg = Release|Any CPU
		{0BE7AD4E-6529-4F67-A02A-B700BE41FB69}.Release|Any CPU.Build.0 = Release|Any CPU
		{FF478B2E-5C43-4B5B-848C-8A5688B054D8}.Debug|Any CPU.ActiveCfg = Debug|Any CPU
		{FF478B2E-5C43-4B5B-848C-8A5688B054D8}.Debug|Any CPU.Build.0 = Debug|Any CPU
		{FF478B2E-5C43-4B5B-848C-8A5688B054D8}.Release|Any CPU.ActiveCfg = Release|Any CPU
		{FF478B2E-5C43-4B5B-848C-8A5688B054D8}.Release|Any CPU.Build.0 = Release|Any CPU
	EndGlobalSection
	GlobalSection(SolutionProperties) = preSolution
		HideSolutionNode = FALSE
	EndGlobalSection
EndGlobal
