
Microsoft Visual Studio Solution File, Format Version 12.00
# Visual Studio 2013
VisualStudioVersion = 12.0.21126.0
MinimumVisualStudioVersion = 10.0.40219.1
Project("{FAE04EC0-301F-11D3-BF4B-00C04F79EFBC}") = "OfficeSharp.Vsix", "OfficeSharp\OfficeSharp.Vsix\OfficeSharp.Vsix.csproj", "{02797584-B830-4981-A04A-41C957DD85FC}"
EndProject
Project("{FAE04EC0-301F-11D3-BF4B-00C04F79EFBC}") = "OfficeSharp.Client", "OfficeSharp\OfficeSharp.Client\OfficeSharp.Client.csproj", "{2B5932C4-E36A-4871-834B-576617D55512}"
EndProject
Project("{FAE04EC0-301F-11D3-BF4B-00C04F79EFBC}") = "OfficeSharp.Client.Design", "OfficeSharp\OfficeSharp.Client.Design\OfficeSharp.Client.Design.csproj", "{339F032D-B3C4-4CF7-951F-0D3AE998F66C}"
EndProject
Project("{FAE04EC0-301F-11D3-BF4B-00C04F79EFBC}") = "OfficeSharp.Common", "OfficeSharp\OfficeSharp.Common\OfficeSharp.Common.csproj", "{7B363508-2914-4A05-8A2B-F41E17BA140E}"
EndProject
Project("{FAE04EC0-301F-11D3-BF4B-00C04F79EFBC}") = "OfficeSharp.Design", "OfficeSharp\OfficeSharp.Design\OfficeSharp.Design.csproj", "{F22E345F-6079-4E0A-92F2-61174215BB2A}"
EndProject
Project("{FAE04EC0-301F-11D3-BF4B-00C04F79EFBC}") = "OfficeSharp.Lspkg", "OfficeSharp\OfficeSharp.Lspkg\OfficeSharp.Lspkg.csproj", "{625366AA-0011-4529-9AEA-A1F25DBC5538}"
EndProject
Project("{FAE04EC0-301F-11D3-BF4B-00C04F79EFBC}") = "OfficeSharp.Server", "OfficeSharp\OfficeSharp.Server\OfficeSharp.Server.csproj", "{1B2D387D-46AF-4515-9BEA-78C70B89E848}"
EndProject
Global
	GlobalSection(SolutionConfigurationPlatforms) = preSolution
		Debug|Any CPU = Debug|Any CPU
		Release|Any CPU = Release|Any CPU
	EndGlobalSection
	GlobalSection(ProjectConfigurationPlatforms) = postSolution
		{02797584-B830-4981-A04A-41C957DD85FC}.Debug|Any CPU.ActiveCfg = Debug|Any CPU
		{02797584-B830-4981-A04A-41C957DD85FC}.Debug|Any CPU.Build.0 = Debug|Any CPU
		{02797584-B830-4981-A04A-41C957DD85FC}.Release|Any CPU.ActiveCfg = Release|Any CPU
		{02797584-B830-4981-A04A-41C957DD85FC}.Release|Any CPU.Build.0 = Release|Any CPU
		{2B5932C4-E36A-4871-834B-576617D55512}.Debug|Any CPU.ActiveCfg = Debug|Any CPU
		{2B5932C4-E36A-4871-834B-576617D55512}.Debug|Any CPU.Build.0 = Debug|Any CPU
		{2B5932C4-E36A-4871-834B-576617D55512}.Release|Any CPU.ActiveCfg = Release|Any CPU
		{2B5932C4-E36A-4871-834B-576617D55512}.Release|Any CPU.Build.0 = Release|Any CPU
		{339F032D-B3C4-4CF7-951F-0D3AE998F66C}.Debug|Any CPU.ActiveCfg = Debug|Any CPU
		{339F032D-B3C4-4CF7-951F-0D3AE998F66C}.Debug|Any CPU.Build.0 = Debug|Any CPU
		{339F032D-B3C4-4CF7-951F-0D3AE998F66C}.Release|Any CPU.ActiveCfg = Release|Any CPU
		{339F032D-B3C4-4CF7-951F-0D3AE998F66C}.Release|Any CPU.Build.0 = Release|Any CPU
		{7B363508-2914-4A05-8A2B-F41E17BA140E}.Debug|Any CPU.ActiveCfg = Debug|Any CPU
		{7B363508-2914-4A05-8A2B-F41E17BA140E}.Debug|Any CPU.Build.0 = Debug|Any CPU
		{7B363508-2914-4A05-8A2B-F41E17BA140E}.Release|Any CPU.ActiveCfg = Release|Any CPU
		{7B363508-2914-4A05-8A2B-F41E17BA140E}.Release|Any CPU.Build.0 = Release|Any CPU
		{F22E345F-6079-4E0A-92F2-61174215BB2A}.Debug|Any CPU.ActiveCfg = Debug|Any CPU
		{F22E345F-6079-4E0A-92F2-61174215BB2A}.Debug|Any CPU.Build.0 = Debug|Any CPU
		{F22E345F-6079-4E0A-92F2-61174215BB2A}.Release|Any CPU.ActiveCfg = Release|Any CPU
		{F22E345F-6079-4E0A-92F2-61174215BB2A}.Release|Any CPU.Build.0 = Release|Any CPU
		{625366AA-0011-4529-9AEA-A1F25DBC5538}.Debug|Any CPU.ActiveCfg = Debug|Any CPU
		{625366AA-0011-4529-9AEA-A1F25DBC5538}.Debug|Any CPU.Build.0 = Debug|Any CPU
		{625366AA-0011-4529-9AEA-A1F25DBC5538}.Release|Any CPU.ActiveCfg = Release|Any CPU
		{625366AA-0011-4529-9AEA-A1F25DBC5538}.Release|Any CPU.Build.0 = Release|Any CPU
		{1B2D387D-46AF-4515-9BEA-78C70B89E848}.Debug|Any CPU.ActiveCfg = Debug|Any CPU
		{1B2D387D-46AF-4515-9BEA-78C70B89E848}.Debug|Any CPU.Build.0 = Debug|Any CPU
		{1B2D387D-46AF-4515-9BEA-78C70B89E848}.Release|Any CPU.ActiveCfg = Release|Any CPU
		{1B2D387D-46AF-4515-9BEA-78C70B89E848}.Release|Any CPU.Build.0 = Release|Any CPU
	EndGlobalSection
	GlobalSection(SolutionProperties) = preSolution
		HideSolutionNode = FALSE
	EndGlobalSection
EndGlobal
